
Microsoft Visual Studio Solution File, Format Version 12.00
# Visual Studio Version 17
VisualStudioVersion = 17.11.35303.130
MinimumVisualStudioVersion = 10.0.40219.1
Project("{FAE04EC0-301F-11D3-BF4B-00C04F79EFBC}") = "cci", "cci.csproj", "{ECB76607-6D6C-44F7-88B9-6D902B368F9E}"
EndProject
Global
	GlobalSection(SolutionConfigurationPlatforms) = preSolution
		Debug|Any CPU = Debug|Any CPU
		Release|Any CPU = Release|Any CPU
	EndGlobalSection
	GlobalSection(ProjectConfigurationPlatforms) = postSolution
		{ECB76607-6D6C-44F7-88B9-6D902B368F9E}.Debug|Any CPU.ActiveCfg = Debug|Any CPU
		{ECB76607-6D6C-44F7-88B9-6D902B368F9E}.Debug|Any CPU.Build.0 = Debug|Any CPU
		{ECB76607-6D6C-44F7-88B9-6D902B368F9E}.Release|Any CPU.ActiveCfg = Release|Any CPU
		{ECB76607-6D6C-44F7-88B9-6D902B368F9E}.Release|Any CPU.Build.0 = Release|Any CPU
	EndGlobalSection
	GlobalSection(SolutionProperties) = preSolution
		HideSolutionNode = FALSE
	EndGlobalSection
	GlobalSection(ExtensibilityGlobals) = postSolution
		SolutionGuid = {3B2C51B5-329C-4405-9D55-0371A881EA2E}
	EndGlobalSection
EndGlobal
